// !$*UTF8*$!
{
	archiveVersion = 1;
	classes = {
	};
	objectVersion = 56;
	objects = {

/* Begin PBXBuildFile section */
		4B1DC9AC2C4E4311009AA8F3 /* CreditScoreTableViewCell.swift in Sources */ = {isa = PBXBuildFile; fileRef = 4B1DC9AB2C4E4311009AA8F3 /* CreditScoreTableViewCell.swift */; };
		4B9DB4CB2C453A31000E9E1D /* AppDelegate.swift in Sources */ = {isa = PBXBuildFile; fileRef = 4B9DB4CA2C453A31000E9E1D /* AppDelegate.swift */; };
		4B9DB4CD2C453A31000E9E1D /* SceneDelegate.swift in Sources */ = {isa = PBXBuildFile; fileRef = 4B9DB4CC2C453A31000E9E1D /* SceneDelegate.swift */; };
		4B9DB4CF2C453A31000E9E1D /* HomeViewController.swift in Sources */ = {isa = PBXBuildFile; fileRef = 4B9DB4CE2C453A31000E9E1D /* HomeViewController.swift */; };
		4B9DB4D42C453A32000E9E1D /* Assets.xcassets in Resources */ = {isa = PBXBuildFile; fileRef = 4B9DB4D32C453A32000E9E1D /* Assets.xcassets */; };
		4B9DB4D72C453A32000E9E1D /* Base in Resources */ = {isa = PBXBuildFile; fileRef = 4B9DB4D62C453A32000E9E1D /* Base */; };
		4B9DB4E22C453A33000E9E1D /* TossCloneTests.swift in Sources */ = {isa = PBXBuildFile; fileRef = 4B9DB4E12C453A33000E9E1D /* TossCloneTests.swift */; };
		4B9DB4EC2C453A33000E9E1D /* TossCloneUITests.swift in Sources */ = {isa = PBXBuildFile; fileRef = 4B9DB4EB2C453A33000E9E1D /* TossCloneUITests.swift */; };
		4B9DB4EE2C453A33000E9E1D /* TossCloneUITestsLaunchTests.swift in Sources */ = {isa = PBXBuildFile; fileRef = 4B9DB4ED2C453A33000E9E1D /* TossCloneUITestsLaunchTests.swift */; };
		4B9DB4FB2C454E16000E9E1D /* UINavigationController+setupBarAppearance.swift in Sources */ = {isa = PBXBuildFile; fileRef = 4B9DB4FA2C454E16000E9E1D /* UINavigationController+setupBarAppearance.swift */; };
		4BEAE1622C490C71009446A5 /* Model.swift in Sources */ = {isa = PBXBuildFile; fileRef = 4BEAE1612C490C71009446A5 /* Model.swift */; };
		4BEAE1642C492751009446A5 /* TossBankTableViewCell.swift in Sources */ = {isa = PBXBuildFile; fileRef = 4BEAE1632C492751009446A5 /* TossBankTableViewCell.swift */; };
		4BEAE1662C492EE5009446A5 /* AccountTableViewCell.swift in Sources */ = {isa = PBXBuildFile; fileRef = 4BEAE1652C492EE5009446A5 /* AccountTableViewCell.swift */; };
		4BEAE16A2C492F2D009446A5 /* ExpenditureTableViewCell.swift in Sources */ = {isa = PBXBuildFile; fileRef = 4BEAE1692C492F2D009446A5 /* ExpenditureTableViewCell.swift */; };
/* End PBXBuildFile section */

/* Begin PBXContainerItemProxy section */
		4B9DB4DE2C453A33000E9E1D /* PBXContainerItemProxy */ = {
			isa = PBXContainerItemProxy;
			containerPortal = 4B9DB4BF2C453A31000E9E1D /* Project object */;
			proxyType = 1;
			remoteGlobalIDString = 4B9DB4C62C453A31000E9E1D;
			remoteInfo = TossClone;
		};
		4B9DB4E82C453A33000E9E1D /* PBXContainerItemProxy */ = {
			isa = PBXContainerItemProxy;
			containerPortal = 4B9DB4BF2C453A31000E9E1D /* Project object */;
			proxyType = 1;
			remoteGlobalIDString = 4B9DB4C62C453A31000E9E1D;
			remoteInfo = TossClone;
		};
/* End PBXContainerItemProxy section */

/* Begin PBXFileReference section */
		4B1DC9AB2C4E4311009AA8F3 /* CreditScoreTableViewCell.swift */ = {isa = PBXFileReference; lastKnownFileType = sourcecode.swift; path = CreditScoreTableViewCell.swift; sourceTree = "<group>"; };
		4B9DB4C72C453A31000E9E1D /* TossClone.app */ = {isa = PBXFileReference; explicitFileType = wrapper.application; includeInIndex = 0; path = TossClone.app; sourceTree = BUILT_PRODUCTS_DIR; };
		4B9DB4CA2C453A31000E9E1D /* AppDelegate.swift */ = {isa = PBXFileReference; lastKnownFileType = sourcecode.swift; path = AppDelegate.swift; sourceTree = "<group>"; };
		4B9DB4CC2C453A31000E9E1D /* SceneDelegate.swift */ = {isa = PBXFileReference; lastKnownFileType = sourcecode.swift; path = SceneDelegate.swift; sourceTree = "<group>"; };
		4B9DB4CE2C453A31000E9E1D /* HomeViewController.swift */ = {isa = PBXFileReference; lastKnownFileType = sourcecode.swift; path = HomeViewController.swift; sourceTree = "<group>"; };
		4B9DB4D32C453A32000E9E1D /* Assets.xcassets */ = {isa = PBXFileReference; lastKnownFileType = folder.assetcatalog; path = Assets.xcassets; sourceTree = "<group>"; };
		4B9DB4D62C453A32000E9E1D /* Base */ = {isa = PBXFileReference; lastKnownFileType = file.storyboard; name = Base; path = Base.lproj/LaunchScreen.storyboard; sourceTree = "<group>"; };
		4B9DB4D82C453A32000E9E1D /* Info.plist */ = {isa = PBXFileReference; lastKnownFileType = text.plist.xml; path = Info.plist; sourceTree = "<group>"; };
		4B9DB4DD2C453A33000E9E1D /* TossCloneTests.xctest */ = {isa = PBXFileReference; explicitFileType = wrapper.cfbundle; includeInIndex = 0; path = TossCloneTests.xctest; sourceTree = BUILT_PRODUCTS_DIR; };
		4B9DB4E12C453A33000E9E1D /* TossCloneTests.swift */ = {isa = PBXFileReference; lastKnownFileType = sourcecode.swift; path = TossCloneTests.swift; sourceTree = "<group>"; };
		4B9DB4E72C453A33000E9E1D /* TossCloneUITests.xctest */ = {isa = PBXFileReference; explicitFileType = wrapper.cfbundle; includeInIndex = 0; path = TossCloneUITests.xctest; sourceTree = BUILT_PRODUCTS_DIR; };
		4B9DB4EB2C453A33000E9E1D /* TossCloneUITests.swift */ = {isa = PBXFileReference; lastKnownFileType = sourcecode.swift; path = TossCloneUITests.swift; sourceTree = "<group>"; };
		4B9DB4ED2C453A33000E9E1D /* TossCloneUITestsLaunchTests.swift */ = {isa = PBXFileReference; lastKnownFileType = sourcecode.swift; path = TossCloneUITestsLaunchTests.swift; sourceTree = "<group>"; };
		4B9DB4FA2C454E16000E9E1D /* UINavigationController+setupBarAppearance.swift */ = {isa = PBXFileReference; lastKnownFileType = sourcecode.swift; path = "UINavigationController+setupBarAppearance.swift"; sourceTree = "<group>"; };
		4BEAE1612C490C71009446A5 /* Model.swift */ = {isa = PBXFileReference; lastKnownFileType = sourcecode.swift; path = Model.swift; sourceTree = "<group>"; };
		4BEAE1632C492751009446A5 /* TossBankTableViewCell.swift */ = {isa = PBXFileReference; lastKnownFileType = sourcecode.swift; path = TossBankTableViewCell.swift; sourceTree = "<group>"; };
		4BEAE1652C492EE5009446A5 /* AccountTableViewCell.swift */ = {isa = PBXFileReference; lastKnownFileType = sourcecode.swift; path = AccountTableViewCell.swift; sourceTree = "<group>"; };
		4BEAE1692C492F2D009446A5 /* ExpenditureTableViewCell.swift */ = {isa = PBXFileReference; lastKnownFileType = sourcecode.swift; name = ExpenditureTableViewCell.swift; path = TossClone/Cells/ExpenditureTableViewCell.swift; sourceTree = SOURCE_ROOT; };
/* End PBXFileReference section */

/* Begin PBXFrameworksBuildPhase section */
		4B9DB4C42C453A31000E9E1D /* Frameworks */ = {
			isa = PBXFrameworksBuildPhase;
			buildActionMask = 2147483647;
			files = (
			);
			runOnlyForDeploymentPostprocessing = 0;
		};
		4B9DB4DA2C453A33000E9E1D /* Frameworks */ = {
			isa = PBXFrameworksBuildPhase;
			buildActionMask = 2147483647;
			files = (
			);
			runOnlyForDeploymentPostprocessing = 0;
		};
		4B9DB4E42C453A33000E9E1D /* Frameworks */ = {
			isa = PBXFrameworksBuildPhase;
			buildActionMask = 2147483647;
			files = (
			);
			runOnlyForDeploymentPostprocessing = 0;
		};
/* End PBXFrameworksBuildPhase section */

/* Begin PBXGroup section */
		4B9DB4BE2C453A31000E9E1D = {
			isa = PBXGroup;
			children = (
				4B9DB4C92C453A31000E9E1D /* TossClone */,
				4B9DB4E02C453A33000E9E1D /* TossCloneTests */,
				4B9DB4EA2C453A33000E9E1D /* TossCloneUITests */,
				4B9DB4C82C453A31000E9E1D /* Products */,
			);
			sourceTree = "<group>";
		};
		4B9DB4C82C453A31000E9E1D /* Products */ = {
			isa = PBXGroup;
			children = (
				4B9DB4C72C453A31000E9E1D /* TossClone.app */,
				4B9DB4DD2C453A33000E9E1D /* TossCloneTests.xctest */,
				4B9DB4E72C453A33000E9E1D /* TossCloneUITests.xctest */,
			);
			name = Products;
			sourceTree = "<group>";
		};
		4B9DB4C92C453A31000E9E1D /* TossClone */ = {
			isa = PBXGroup;
			children = (
				4B9DB4CA2C453A31000E9E1D /* AppDelegate.swift */,
				4B9DB4CC2C453A31000E9E1D /* SceneDelegate.swift */,
				4B9DB4FA2C454E16000E9E1D /* UINavigationController+setupBarAppearance.swift */,
				4B9DB4CE2C453A31000E9E1D /* HomeViewController.swift */,
				4BEAE1682C492EF0009446A5 /* Models */,
				4BEAE1672C492EEB009446A5 /* Cells */,
				4B9DB4D32C453A32000E9E1D /* Assets.xcassets */,
				4B9DB4D52C453A32000E9E1D /* LaunchScreen.storyboard */,
				4B9DB4D82C453A32000E9E1D /* Info.plist */,
			);
			path = TossClone;
			sourceTree = "<group>";
		};
		4B9DB4E02C453A33000E9E1D /* TossCloneTests */ = {
			isa = PBXGroup;
			children = (
				4B9DB4E12C453A33000E9E1D /* TossCloneTests.swift */,
			);
			path = TossCloneTests;
			sourceTree = "<group>";
		};
		4B9DB4EA2C453A33000E9E1D /* TossCloneUITests */ = {
			isa = PBXGroup;
			children = (
				4B9DB4EB2C453A33000E9E1D /* TossCloneUITests.swift */,
				4B9DB4ED2C453A33000E9E1D /* TossCloneUITestsLaunchTests.swift */,
			);
			path = TossCloneUITests;
			sourceTree = "<group>";
		};
		4BEAE1672C492EEB009446A5 /* Cells */ = {
			isa = PBXGroup;
			children = (
				4BEAE1692C492F2D009446A5 /* ExpenditureTableViewCell.swift */,
				4BEAE1652C492EE5009446A5 /* AccountTableViewCell.swift */,
				4BEAE1632C492751009446A5 /* TossBankTableViewCell.swift */,
				4B1DC9AB2C4E4311009AA8F3 /* CreditScoreTableViewCell.swift */,
			);
			path = Cells;
			sourceTree = "<group>";
		};
		4BEAE1682C492EF0009446A5 /* Models */ = {
			isa = PBXGroup;
			children = (
				4BEAE1612C490C71009446A5 /* Model.swift */,
			);
			path = Models;
			sourceTree = "<group>";
		};
/* End PBXGroup section */

/* Begin PBXNativeTarget section */
		4B9DB4C62C453A31000E9E1D /* TossClone */ = {
			isa = PBXNativeTarget;
			buildConfigurationList = 4B9DB4F12C453A33000E9E1D /* Build configuration list for PBXNativeTarget "TossClone" */;
			buildPhases = (
				4B9DB4C32C453A31000E9E1D /* Sources */,
				4B9DB4C42C453A31000E9E1D /* Frameworks */,
				4B9DB4C52C453A31000E9E1D /* Resources */,
			);
			buildRules = (
			);
			dependencies = (
			);
			name = TossClone;
			productName = TossClone;
			productReference = 4B9DB4C72C453A31000E9E1D /* TossClone.app */;
			productType = "com.apple.product-type.application";
		};
		4B9DB4DC2C453A33000E9E1D /* TossCloneTests */ = {
			isa = PBXNativeTarget;
			buildConfigurationList = 4B9DB4F42C453A33000E9E1D /* Build configuration list for PBXNativeTarget "TossCloneTests" */;
			buildPhases = (
				4B9DB4D92C453A33000E9E1D /* Sources */,
				4B9DB4DA2C453A33000E9E1D /* Frameworks */,
				4B9DB4DB2C453A33000E9E1D /* Resources */,
			);
			buildRules = (
			);
			dependencies = (
				4B9DB4DF2C453A33000E9E1D /* PBXTargetDependency */,
			);
			name = TossCloneTests;
			productName = TossCloneTests;
			productReference = 4B9DB4DD2C453A33000E9E1D /* TossCloneTests.xctest */;
			productType = "com.apple.product-type.bundle.unit-test";
		};
		4B9DB4E62C453A33000E9E1D /* TossCloneUITests */ = {
			isa = PBXNativeTarget;
			buildConfigurationList = 4B9DB4F72C453A33000E9E1D /* Build configuration list for PBXNativeTarget "TossCloneUITests" */;
			buildPhases = (
				4B9DB4E32C453A33000E9E1D /* Sources */,
				4B9DB4E42C453A33000E9E1D /* Frameworks */,
				4B9DB4E52C453A33000E9E1D /* Resources */,
			);
			buildRules = (
			);
			dependencies = (
				4B9DB4E92C453A33000E9E1D /* PBXTargetDependency */,
			);
			name = TossCloneUITests;
			productName = TossCloneUITests;
			productReference = 4B9DB4E72C453A33000E9E1D /* TossCloneUITests.xctest */;
			productType = "com.apple.product-type.bundle.ui-testing";
		};
/* End PBXNativeTarget section */

/* Begin PBXProject section */
		4B9DB4BF2C453A31000E9E1D /* Project object */ = {
			isa = PBXProject;
			attributes = {
				BuildIndependentTargetsInParallel = 1;
				LastSwiftUpdateCheck = 1540;
				LastUpgradeCheck = 1540;
				TargetAttributes = {
					4B9DB4C62C453A31000E9E1D = {
						CreatedOnToolsVersion = 15.4;
					};
					4B9DB4DC2C453A33000E9E1D = {
						CreatedOnToolsVersion = 15.4;
						TestTargetID = 4B9DB4C62C453A31000E9E1D;
					};
					4B9DB4E62C453A33000E9E1D = {
						CreatedOnToolsVersion = 15.4;
						TestTargetID = 4B9DB4C62C453A31000E9E1D;
					};
				};
			};
			buildConfigurationList = 4B9DB4C22C453A31000E9E1D /* Build configuration list for PBXProject "TossClone" */;
			compatibilityVersion = "Xcode 14.0";
			developmentRegion = en;
			hasScannedForEncodings = 0;
			knownRegions = (
				en,
				Base,
			);
			mainGroup = 4B9DB4BE2C453A31000E9E1D;
			productRefGroup = 4B9DB4C82C453A31000E9E1D /* Products */;
			projectDirPath = "";
			projectRoot = "";
			targets = (
				4B9DB4C62C453A31000E9E1D /* TossClone */,
				4B9DB4DC2C453A33000E9E1D /* TossCloneTests */,
				4B9DB4E62C453A33000E9E1D /* TossCloneUITests */,
			);
		};
/* End PBXProject section */

/* Begin PBXResourcesBuildPhase section */
		4B9DB4C52C453A31000E9E1D /* Resources */ = {
			isa = PBXResourcesBuildPhase;
			buildActionMask = 2147483647;
			files = (
				4B9DB4D42C453A32000E9E1D /* Assets.xcassets in Resources */,
				4B9DB4D72C453A32000E9E1D /* Base in Resources */,
			);
			runOnlyForDeploymentPostprocessing = 0;
		};
		4B9DB4DB2C453A33000E9E1D /* Resources */ = {
			isa = PBXResourcesBuildPhase;
			buildActionMask = 2147483647;
			files = (
			);
			runOnlyForDeploymentPostprocessing = 0;
		};
		4B9DB4E52C453A33000E9E1D /* Resources */ = {
			isa = PBXResourcesBuildPhase;
			buildActionMask = 2147483647;
			files = (
			);
			runOnlyForDeploymentPostprocessing = 0;
		};
/* End PBXResourcesBuildPhase section */

/* Begin PBXSourcesBuildPhase section */
		4B9DB4C32C453A31000E9E1D /* Sources */ = {
			isa = PBXSourcesBuildPhase;
			buildActionMask = 2147483647;
			files = (
				4BEAE1622C490C71009446A5 /* Model.swift in Sources */,
				4BEAE16A2C492F2D009446A5 /* ExpenditureTableViewCell.swift in Sources */,
				4B9DB4CF2C453A31000E9E1D /* HomeViewController.swift in Sources */,
				4BEAE1642C492751009446A5 /* TossBankTableViewCell.swift in Sources */,
				4B1DC9AC2C4E4311009AA8F3 /* CreditScoreTableViewCell.swift in Sources */,
				4B9DB4FB2C454E16000E9E1D /* UINavigationController+setupBarAppearance.swift in Sources */,
				4BEAE1662C492EE5009446A5 /* AccountTableViewCell.swift in Sources */,
				4B9DB4CB2C453A31000E9E1D /* AppDelegate.swift in Sources */,
				4B9DB4CD2C453A31000E9E1D /* SceneDelegate.swift in Sources */,
			);
			runOnlyForDeploymentPostprocessing = 0;
		};
		4B9DB4D92C453A33000E9E1D /* Sources */ = {
			isa = PBXSourcesBuildPhase;
			buildActionMask = 2147483647;
			files = (
				4B9DB4E22C453A33000E9E1D /* TossCloneTests.swift in Sources */,
			);
			runOnlyForDeploymentPostprocessing = 0;
		};
		4B9DB4E32C453A33000E9E1D /* Sources */ = {
			isa = PBXSourcesBuildPhase;
			buildActionMask = 2147483647;
			files = (
				4B9DB4EC2C453A33000E9E1D /* TossCloneUITests.swift in Sources */,
				4B9DB4EE2C453A33000E9E1D /* TossCloneUITestsLaunchTests.swift in Sources */,
			);
			runOnlyForDeploymentPostprocessing = 0;
		};
/* End PBXSourcesBuildPhase section */

/* Begin PBXTargetDependency section */
		4B9DB4DF2C453A33000E9E1D /* PBXTargetDependency */ = {
			isa = PBXTargetDependency;
			target = 4B9DB4C62C453A31000E9E1D /* TossClone */;
			targetProxy = 4B9DB4DE2C453A33000E9E1D /* PBXContainerItemProxy */;
		};
		4B9DB4E92C453A33000E9E1D /* PBXTargetDependency */ = {
			isa = PBXTargetDependency;
			target = 4B9DB4C62C453A31000E9E1D /* TossClone */;
			targetProxy = 4B9DB4E82C453A33000E9E1D /* PBXContainerItemProxy */;
		};
/* End PBXTargetDependency section */

/* Begin PBXVariantGroup section */
		4B9DB4D52C453A32000E9E1D /* LaunchScreen.storyboard */ = {
			isa = PBXVariantGroup;
			children = (
				4B9DB4D62C453A32000E9E1D /* Base */,
			);
			name = LaunchScreen.storyboard;
			sourceTree = "<group>";
		};
/* End PBXVariantGroup section */

/* Begin XCBuildConfiguration section */
		4B9DB4EF2C453A33000E9E1D /* Debug */ = {
			isa = XCBuildConfiguration;
			buildSettings = {
				ALWAYS_SEARCH_USER_PATHS = NO;
				ASSETCATALOG_COMPILER_GENERATE_SWIFT_ASSET_SYMBOL_EXTENSIONS = YES;
				CLANG_ANALYZER_NONNULL = YES;
				CLANG_ANALYZER_NUMBER_OBJECT_CONVERSION = YES_AGGRESSIVE;
				CLANG_CXX_LANGUAGE_STANDARD = "gnu++20";
				CLANG_ENABLE_MODULES = YES;
				CLANG_ENABLE_OBJC_ARC = YES;
				CLANG_ENABLE_OBJC_WEAK = YES;
				CLANG_WARN_BLOCK_CAPTURE_AUTORELEASING = YES;
				CLANG_WARN_BOOL_CONVERSION = YES;
				CLANG_WARN_COMMA = YES;
				CLANG_WARN_CONSTANT_CONVERSION = YES;
				CLANG_WARN_DEPRECATED_OBJC_IMPLEMENTATIONS = YES;
				CLANG_WARN_DIRECT_OBJC_ISA_USAGE = YES_ERROR;
				CLANG_WARN_DOCUMENTATION_COMMENTS = YES;
				CLANG_WARN_EMPTY_BODY = YES;
				CLANG_WARN_ENUM_CONVERSION = YES;
				CLANG_WARN_INFINITE_RECURSION = YES;
				CLANG_WARN_INT_CONVERSION = YES;
				CLANG_WARN_NON_LITERAL_NULL_CONVERSION = YES;
				CLANG_WARN_OBJC_IMPLICIT_RETAIN_SELF = YES;
				CLANG_WARN_OBJC_LITERAL_CONVERSION = YES;
				CLANG_WARN_OBJC_ROOT_CLASS = YES_ERROR;
				CLANG_WARN_QUOTED_INCLUDE_IN_FRAMEWORK_HEADER = YES;
				CLANG_WARN_RANGE_LOOP_ANALYSIS = YES;
				CLANG_WARN_STRICT_PROTOTYPES = YES;
				CLANG_WARN_SUSPICIOUS_MOVE = YES;
				CLANG_WARN_UNGUARDED_AVAILABILITY = YES_AGGRESSIVE;
				CLANG_WARN_UNREACHABLE_CODE = YES;
				CLANG_WARN__DUPLICATE_METHOD_MATCH = YES;
				COPY_PHASE_STRIP = NO;
				DEBUG_INFORMATION_FORMAT = dwarf;
				ENABLE_STRICT_OBJC_MSGSEND = YES;
				ENABLE_TESTABILITY = YES;
				ENABLE_USER_SCRIPT_SANDBOXING = YES;
				GCC_C_LANGUAGE_STANDARD = gnu17;
				GCC_DYNAMIC_NO_PIC = NO;
				GCC_NO_COMMON_BLOCKS = YES;
				GCC_OPTIMIZATION_LEVEL = 0;
				GCC_PREPROCESSOR_DEFINITIONS = (
					"DEBUG=1",
					"$(inherited)",
				);
				GCC_WARN_64_TO_32_BIT_CONVERSION = YES;
				GCC_WARN_ABOUT_RETURN_TYPE = YES_ERROR;
				GCC_WARN_UNDECLARED_SELECTOR = YES;
				GCC_WARN_UNINITIALIZED_AUTOS = YES_AGGRESSIVE;
				GCC_WARN_UNUSED_FUNCTION = YES;
				GCC_WARN_UNUSED_VARIABLE = YES;
				IPHONEOS_DEPLOYMENT_TARGET = 17.5;
				LOCALIZATION_PREFERS_STRING_CATALOGS = YES;
				MTL_ENABLE_DEBUG_INFO = INCLUDE_SOURCE;
				MTL_FAST_MATH = YES;
				ONLY_ACTIVE_ARCH = YES;
				SDKROOT = iphoneos;
				SWIFT_ACTIVE_COMPILATION_CONDITIONS = "DEBUG $(inherited)";
				SWIFT_OPTIMIZATION_LEVEL = "-Onone";
			};
			name = Debug;
		};
		4B9DB4F02C453A33000E9E1D /* Release */ = {
			isa = XCBuildConfiguration;
			buildSettings = {
				ALWAYS_SEARCH_USER_PATHS = NO;
				ASSETCATALOG_COMPILER_GENERATE_SWIFT_ASSET_SYMBOL_EXTENSIONS = YES;
				CLANG_ANALYZER_NONNULL = YES;
				CLANG_ANALYZER_NUMBER_OBJECT_CONVERSION = YES_AGGRESSIVE;
				CLANG_CXX_LANGUAGE_STANDARD = "gnu++20";
				CLANG_ENABLE_MODULES = YES;
				CLANG_ENABLE_OBJC_ARC = YES;
				CLANG_ENABLE_OBJC_WEAK = YES;
				CLANG_WARN_BLOCK_CAPTURE_AUTORELEASING = YES;
				CLANG_WARN_BOOL_CONVERSION = YES;
				CLANG_WARN_COMMA = YES;
				CLANG_WARN_CONSTANT_CONVERSION = YES;
				CLANG_WARN_DEPRECATED_OBJC_IMPLEMENTATIONS = YES;
				CLANG_WARN_DIRECT_OBJC_ISA_USAGE = YES_ERROR;
				CLANG_WARN_DOCUMENTATION_COMMENTS = YES;
				CLANG_WARN_EMPTY_BODY = YES;
				CLANG_WARN_ENUM_CONVERSION = YES;
				CLANG_WARN_INFINITE_RECURSION = YES;
				CLANG_WARN_INT_CONVERSION = YES;
				CLANG_WARN_NON_LITERAL_NULL_CONVERSION = YES;
				CLANG_WARN_OBJC_IMPLICIT_RETAIN_SELF = YES;
				CLANG_WARN_OBJC_LITERAL_CONVERSION = YES;
				CLANG_WARN_OBJC_ROOT_CLASS = YES_ERROR;
				CLANG_WARN_QUOTED_INCLUDE_IN_FRAMEWORK_HEADER = YES;
				CLANG_WARN_RANGE_LOOP_ANALYSIS = YES;
				CLANG_WARN_STRICT_PROTOTYPES = YES;
				CLANG_WARN_SUSPICIOUS_MOVE = YES;
				CLANG_WARN_UNGUARDED_AVAILABILITY = YES_AGGRESSIVE;
				CLANG_WARN_UNREACHABLE_CODE = YES;
				CLANG_WARN__DUPLICATE_METHOD_MATCH = YES;
				COPY_PHASE_STRIP = NO;
				DEBUG_INFORMATION_FORMAT = "dwarf-with-dsym";
				ENABLE_NS_ASSERTIONS = NO;
				ENABLE_STRICT_OBJC_MSGSEND = YES;
				ENABLE_USER_SCRIPT_SANDBOXING = YES;
				GCC_C_LANGUAGE_STANDARD = gnu17;
				GCC_NO_COMMON_BLOCKS = YES;
				GCC_WARN_64_TO_32_BIT_CONVERSION = YES;
				GCC_WARN_ABOUT_RETURN_TYPE = YES_ERROR;
				GCC_WARN_UNDECLARED_SELECTOR = YES;
				GCC_WARN_UNINITIALIZED_AUTOS = YES_AGGRESSIVE;
				GCC_WARN_UNUSED_FUNCTION = YES;
				GCC_WARN_UNUSED_VARIABLE = YES;
				IPHONEOS_DEPLOYMENT_TARGET = 17.5;
				LOCALIZATION_PREFERS_STRING_CATALOGS = YES;
				MTL_ENABLE_DEBUG_INFO = NO;
				MTL_FAST_MATH = YES;
				SDKROOT = iphoneos;
				SWIFT_COMPILATION_MODE = wholemodule;
				VALIDATE_PRODUCT = YES;
			};
			name = Release;
		};
		4B9DB4F22C453A33000E9E1D /* Debug */ = {
			isa = XCBuildConfiguration;
			buildSettings = {
				ASSETCATALOG_COMPILER_APPICON_NAME = AppIcon;
				ASSETCATALOG_COMPILER_GLOBAL_ACCENT_COLOR_NAME = AccentColor;
				CODE_SIGN_STYLE = Automatic;
				CURRENT_PROJECT_VERSION = 1;
				GENERATE_INFOPLIST_FILE = YES;
				INFOPLIST_FILE = TossClone/Info.plist;
				INFOPLIST_KEY_UIApplicationSupportsIndirectInputEvents = YES;
				INFOPLIST_KEY_UILaunchStoryboardName = LaunchScreen;
				INFOPLIST_KEY_UISupportedInterfaceOrientations_iPad = "UIInterfaceOrientationPortrait UIInterfaceOrientationPortraitUpsideDown UIInterfaceOrientationLandscapeLeft UIInterfaceOrientationLandscapeRight";
				INFOPLIST_KEY_UISupportedInterfaceOrientations_iPhone = "UIInterfaceOrientationPortrait UIInterfaceOrientationLandscapeLeft UIInterfaceOrientationLandscapeRight";
				LD_RUNPATH_SEARCH_PATHS = (
					"$(inherited)",
					"@executable_path/Frameworks",
				);
				MARKETING_VERSION = 1.0;
				PRODUCT_BUNDLE_IDENTIFIER = com.jaesuneo.TossClone;
				PRODUCT_NAME = "$(TARGET_NAME)";
				SWIFT_EMIT_LOC_STRINGS = YES;
				SWIFT_VERSION = 5.0;
				TARGETED_DEVICE_FAMILY = "1,2";
			};
			name = Debug;
		};
		4B9DB4F32C453A33000E9E1D /* Release */ = {
			isa = XCBuildConfiguration;
			buildSettings = {
				ASSETCATALOG_COMPILER_APPICON_NAME = AppIcon;
				ASSETCATALOG_COMPILER_GLOBAL_ACCENT_COLOR_NAME = AccentColor;
				CODE_SIGN_STYLE = Automatic;
				CURRENT_PROJECT_VERSION = 1;
				GENERATE_INFOPLIST_FILE = YES;
				INFOPLIST_FILE = TossClone/Info.plist;
				INFOPLIST_KEY_UIApplicationSupportsIndirectInputEvents = YES;
				INFOPLIST_KEY_UILaunchStoryboardName = LaunchScreen;
				INFOPLIST_KEY_UISupportedInterfaceOrientations_iPad = "UIInterfaceOrientationPortrait UIInterfaceOrientationPortraitUpsideDown UIInterfaceOrientationLandscapeLeft UIInterfaceOrientationLandscapeRight";
				INFOPLIST_KEY_UISupportedInterfaceOrientations_iPhone = "UIInterfaceOrientationPortrait UIInterfaceOrientationLandscapeLeft UIInterfaceOrientationLandscapeRight";
				LD_RUNPATH_SEARCH_PATHS = (
					"$(inherited)",
					"@executable_path/Frameworks",
				);
				MARKETING_VERSION = 1.0;
				PRODUCT_BUNDLE_IDENTIFIER = com.jaesuneo.TossClone;
				PRODUCT_NAME = "$(TARGET_NAME)";
				SWIFT_EMIT_LOC_STRINGS = YES;
				SWIFT_VERSION = 5.0;
				TARGETED_DEVICE_FAMILY = "1,2";
			};
			name = Release;
		};
		4B9DB4F52C453A33000E9E1D /* Debug */ = {
			isa = XCBuildConfiguration;
			buildSettings = {
				ALWAYS_EMBED_SWIFT_STANDARD_LIBRARIES = YES;
				BUNDLE_LOADER = "$(TEST_HOST)";
				CODE_SIGN_STYLE = Automatic;
				CURRENT_PROJECT_VERSION = 1;
				GENERATE_INFOPLIST_FILE = YES;
				IPHONEOS_DEPLOYMENT_TARGET = 17.5;
				MARKETING_VERSION = 1.0;
				PRODUCT_BUNDLE_IDENTIFIER = com.jaesuneo.TossCloneTests;
				PRODUCT_NAME = "$(TARGET_NAME)";
				SWIFT_EMIT_LOC_STRINGS = NO;
				SWIFT_VERSION = 5.0;
				TARGETED_DEVICE_FAMILY = "1,2";
				TEST_HOST = "$(BUILT_PRODUCTS_DIR)/TossClone.app/$(BUNDLE_EXECUTABLE_FOLDER_PATH)/TossClone";
			};
			name = Debug;
		};
		4B9DB4F62C453A33000E9E1D /* Release */ = {
			isa = XCBuildConfiguration;
			buildSettings = {
				ALWAYS_EMBED_SWIFT_STANDARD_LIBRARIES = YES;
				BUNDLE_LOADER = "$(TEST_HOST)";
				CODE_SIGN_STYLE = Automatic;
				CURRENT_PROJECT_VERSION = 1;
				GENERATE_INFOPLIST_FILE = YES;
				IPHONEOS_DEPLOYMENT_TARGET = 17.5;
				MARKETING_VERSION = 1.0;
				PRODUCT_BUNDLE_IDENTIFIER = com.jaesuneo.TossCloneTests;
				PRODUCT_NAME = "$(TARGET_NAME)";
				SWIFT_EMIT_LOC_STRINGS = NO;
				SWIFT_VERSION = 5.0;
				TARGETED_DEVICE_FAMILY = "1,2";
				TEST_HOST = "$(BUILT_PRODUCTS_DIR)/TossClone.app/$(BUNDLE_EXECUTABLE_FOLDER_PATH)/TossClone";
			};
			name = Release;
		};
		4B9DB4F82C453A33000E9E1D /* Debug */ = {
			isa = XCBuildConfiguration;
			buildSettings = {
				ALWAYS_EMBED_SWIFT_STANDARD_LIBRARIES = YES;
				CODE_SIGN_STYLE = Automatic;
				CURRENT_PROJECT_VERSION = 1;
				GENERATE_INFOPLIST_FILE = YES;
				MARKETING_VERSION = 1.0;
				PRODUCT_BUNDLE_IDENTIFIER = com.jaesuneo.TossCloneUITests;
				PRODUCT_NAME = "$(TARGET_NAME)";
				SWIFT_EMIT_LOC_STRINGS = NO;
				SWIFT_VERSION = 5.0;
				TARGETED_DEVICE_FAMILY = "1,2";
				TEST_TARGET_NAME = TossClone;
			};
			name = Debug;
		};
		4B9DB4F92C453A33000E9E1D /* Release */ = {
			isa = XCBuildConfiguration;
			buildSettings = {
				ALWAYS_EMBED_SWIFT_STANDARD_LIBRARIES = YES;
				CODE_SIGN_STYLE = Automatic;
				CURRENT_PROJECT_VERSION = 1;
				GENERATE_INFOPLIST_FILE = YES;
				MARKETING_VERSION = 1.0;
				PRODUCT_BUNDLE_IDENTIFIER = com.jaesuneo.TossCloneUITests;
				PRODUCT_NAME = "$(TARGET_NAME)";
				SWIFT_EMIT_LOC_STRINGS = NO;
				SWIFT_VERSION = 5.0;
				TARGETED_DEVICE_FAMILY = "1,2";
				TEST_TARGET_NAME = TossClone;
			};
			name = Release;
		};
/* End XCBuildConfiguration section */

/* Begin XCConfigurationList section */
		4B9DB4C22C453A31000E9E1D /* Build configuration list for PBXProject "TossClone" */ = {
			isa = XCConfigurationList;
			buildConfigurations = (
				4B9DB4EF2C453A33000E9E1D /* Debug */,
				4B9DB4F02C453A33000E9E1D /* Release */,
			);
			defaultConfigurationIsVisible = 0;
			defaultConfigurationName = Release;
		};
		4B9DB4F12C453A33000E9E1D /* Build configuration list for PBXNativeTarget "TossClone" */ = {
			isa = XCConfigurationList;
			buildConfigurations = (
				4B9DB4F22C453A33000E9E1D /* Debug */,
				4B9DB4F32C453A33000E9E1D /* Release */,
			);
			defaultConfigurationIsVisible = 0;
			defaultConfigurationName = Release;
		};
		4B9DB4F42C453A33000E9E1D /* Build configuration list for PBXNativeTarget "TossCloneTests" */ = {
			isa = XCConfigurationList;
			buildConfigurations = (
				4B9DB4F52C453A33000E9E1D /* Debug */,
				4B9DB4F62C453A33000E9E1D /* Release */,
			);
			defaultConfigurationIsVisible = 0;
			defaultConfigurationName = Release;
		};
		4B9DB4F72C453A33000E9E1D /* Build configuration list for PBXNativeTarget "TossCloneUITests" */ = {
			isa = XCConfigurationList;
			buildConfigurations = (
				4B9DB4F82C453A33000E9E1D /* Debug */,
				4B9DB4F92C453A33000E9E1D /* Release */,
			);
			defaultConfigurationIsVisible = 0;
			defaultConfigurationName = Release;
		};
/* End XCConfigurationList section */
	};
	rootObject = 4B9DB4BF2C453A31000E9E1D /* Project object */;
}
